PODS:
  - MBProgressHUD (1.1.0)
  - SDWebImage (4.2.2):
    - SDWebImage/Core (= 4.2.2)
  - SDWebImage/Core (4.2.2)

DEPENDENCIES:
  - MBProgressHUD (~> 1.1.0)
  - SDWebImage (~> 4.0)

SPEC CHECKSUMS:
  MBProgressHUD: e7baa36a220447d8aeb12769bf0585582f3866d9
  SDWebImage: 89a9d32cd520bbb46eb14e541d5109b3564af198

PODFILE CHECKSUM: df0c57de8c762ffb77010b5f9679dc0c65aab1a9

COCOAPODS: 1.2.1
